gitlab.com/mjwhitta/cli v1.8.2 h1:M9u+RlYm3bsKTrZTHiS3RdRFL5quxuxHIoIDhBLJYxY=
gitlab.com/mjwhitta/cli v1.8.2/go.mod h1:mL238URUPKng2ISpF6z57S2OddeXnGx0R69E+UptRGE=
gitlab.com/mjwhitta/hilighter v1.9.3 h1:xiVtbQAnVSTVJmcPCayb9Btl3p6sC29Mus9xUbwjXT0=
gitlab.com/mjwhitta/hilighter v1.9.3/go.mod h1:0T6P+tDRWslt7pquXxK8z81f9FLroeZwpniB8RWDAoc=
gitlab.com/mjwhitta/log v1.4.6 h1:xb/jwt0CI9xnBAWbGQeZhvH+/pv2Yxao7tiftrZqCdc=
gitlab.com/mjwhitta/log v1.4.6/go.mod h1:je2GsS8ysJvTwCoYHl9fl70+SEgPsIhgivo0T7XOFxU=
