gitlab.com/mjwhitta/cli v1.7.9 h1:diX/L4pJ5A7i6kVdkFymm4T4ksdp225vd650nwqJ8+8=
gitlab.com/mjwhitta/cli v1.7.9/go.mod h1:0nzOLJZWsbgzJp/EQoLHcCLvKXX/iakyOZIqg94xAzo=
gitlab.com/mjwhitta/hilighter v1.8.1 h1:0ds7xSkIb09uJ4hDREZv3c1HSa1icDwNxqhRROiWCYs=
gitlab.com/mjwhitta/hilighter v1.8.1/go.mod h1:VymjV65YNFj0GYnK3GfpzcHXKjUmvQk9pe6m//ryP1k=
